Microsoft Visual Studio Solution File, Format Version 11.00
# Visual Studio 2008

Project("{9E82186A-8262-BCE7-2349-6CB601793295}") = "Rhythm", "Assembly-CSharp.csproj", "{7B968F71-4342-D01B-80E3-BE7F50E5CAB2}"
EndProject
Project("{9E82186A-8262-BCE7-2349-6CB601793295}") = "Rhythm", "Assembly-CSharp-Editor.csproj", "{8BCE3310-A2AD-B029-6B72-C207C86D5BEA}"
EndProject
Global
	GlobalSection(SolutionConfigurationPlatforms) = preSolution
		Debug|Any CPU = Debug|Any CPU
		Release|Any CPU = Release|Any CPU
	EndGlobalSection
	GlobalSection(ProjectConfigurationPlatforms) = postSolution
		{7B968F71-4342-D01B-80E3-BE7F50E5CAB2}.Debug|Any CPU.ActiveCfg = Debug|Any CPU
		{7B968F71-4342-D01B-80E3-BE7F50E5CAB2}.Debug|Any CPU.Build.0 = Debug|Any CPU
		{7B968F71-4342-D01B-80E3-BE7F50E5CAB2}.Release|Any CPU.ActiveCfg = Release|Any CPU
		{7B968F71-4342-D01B-80E3-BE7F50E5CAB2}.Release|Any CPU.Build.0 = Release|Any CPU
		{8BCE3310-A2AD-B029-6B72-C207C86D5BEA}.Debug|Any CPU.ActiveCfg = Debug|Any CPU
		{8BCE3310-A2AD-B029-6B72-C207C86D5BEA}.Debug|Any CPU.Build.0 = Debug|Any CPU
		{8BCE3310-A2AD-B029-6B72-C207C86D5BEA}.Release|Any CPU.ActiveCfg = Release|Any CPU
		{8BCE3310-A2AD-B029-6B72-C207C86D5BEA}.Release|Any CPU.Build.0 = Release|Any CPU
	EndGlobalSection
	GlobalSection(SolutionProperties) = preSolution
		HideSolutionNode = FALSE
	EndGlobalSection
	GlobalSection(MonoDevelopProperties) = preSolution
		StartupItem = Assembly-CSharp.csproj
	EndGlobalSection
EndGlobal
